Microsoft Visual Studio Solution File, Format Version 12.00
# Visual Studio Version 17
VisualStudioVersion = 17.12.35707.178
MinimumVisualStudioVersion = 10.0.40219.1
Project("{FAE04EC0-301F-11D3-BF4B-00C04F79EFBC}") = "DfT.DTRO.UI", "DfT.DTRO.UI.csproj", "{701D1396-FED7-42EC-9C2F-3FE8C6197A15}"
EndProject
Global
	GlobalSection(SolutionConfigurationPlatforms) = preSolution
		Debug|Any CPU = Debug|Any CPU
		Release|Any CPU = Release|Any CPU
	EndGlobalSection
	GlobalSection(ProjectConfigurationPlatforms) = postSolution
		{701D1396-FED7-42EC-9C2F-3FE8C6197A15}.Debug|Any CPU.ActiveCfg = Debug|Any CPU
		{701D1396-FED7-42EC-9C2F-3FE8C6197A15}.Debug|Any CPU.Build.0 = Debug|Any CPU
		{701D1396-FED7-42EC-9C2F-3FE8C6197A15}.Release|Any CPU.ActiveCfg = Release|Any CPU
		{701D1396-FED7-42EC-9C2F-3FE8C6197A15}.Release|Any CPU.Build.0 = Release|Any CPU
	EndGlobalSection
	GlobalSection(SolutionProperties) = preSolution
		HideSolutionNode = FALSE
	EndGlobalSection
EndGlobal
